
Microsoft Visual Studio Solution File, Format Version 12.00
# Visual Studio Version 16
VisualStudioVersion = 16.0.31605.320
MinimumVisualStudioVersion = 10.0.40219.1
Project("{FAE04EC0-301F-11D3-BF4B-00C04F79EFBC}") = "Enteros", "Enteros\Enteros.csproj", "{5F6A9417-0653-4B32-A69B-1A33134A14B4}"
EndProject
Project("{FAE04EC0-301F-11D3-BF4B-00C04F79EFBC}") = "CalculoPerimetro", "CalculoPerimetro\CalculoPerimetro.csproj", "{778AA717-AA9F-4838-8D96-F94FCB1120AB}"
EndProject
Project("{FAE04EC0-301F-11D3-BF4B-00C04F79EFBC}") = "CalculoArea", "CalculoArea\CalculoArea.csproj", "{5349E977-5E28-4B74-9650-3097BA0322FB}"
EndProject
Project("{FAE04EC0-301F-11D3-BF4B-00C04F79EFBC}") = "String", "String\String.csproj", "{CC51525E-08D3-4800-A095-89877FBA9BD8}"
EndProject
Project("{FAE04EC0-301F-11D3-BF4B-00C04F79EFBC}") = "StringInt", "StringInt\StringInt.csproj", "{AC1B6F1E-6EDD-4929-A05B-D2520D8B8CC5}"
EndProject
Global
	GlobalSection(SolutionConfigurationPlatforms) = preSolution
		Debug|Any CPU = Debug|Any CPU
		Release|Any CPU = Release|Any CPU
	EndGlobalSection
	GlobalSection(ProjectConfigurationPlatforms) = postSolution
		{5F6A9417-0653-4B32-A69B-1A33134A14B4}.Debug|Any CPU.ActiveCfg = Debug|Any CPU
		{5F6A9417-0653-4B32-A69B-1A33134A14B4}.Debug|Any CPU.Build.0 = Debug|Any CPU
		{5F6A9417-0653-4B32-A69B-1A33134A14B4}.Release|Any CPU.ActiveCfg = Release|Any CPU
		{5F6A9417-0653-4B32-A69B-1A33134A14B4}.Release|Any CPU.Build.0 = Release|Any CPU
		{778AA717-AA9F-4838-8D96-F94FCB1120AB}.Debug|Any CPU.ActiveCfg = Debug|Any CPU
		{778AA717-AA9F-4838-8D96-F94FCB1120AB}.Debug|Any CPU.Build.0 = Debug|Any CPU
		{778AA717-AA9F-4838-8D96-F94FCB1120AB}.Release|Any CPU.ActiveCfg = Release|Any CPU
		{778AA717-AA9F-4838-8D96-F94FCB1120AB}.Release|Any CPU.Build.0 = Release|Any CPU
		{5349E977-5E28-4B74-9650-3097BA0322FB}.Debug|Any CPU.ActiveCfg = Debug|Any CPU
		{5349E977-5E28-4B74-9650-3097BA0322FB}.Debug|Any CPU.Build.0 = Debug|Any CPU
		{5349E977-5E28-4B74-9650-3097BA0322FB}.Release|Any CPU.ActiveCfg = Release|Any CPU
		{5349E977-5E28-4B74-9650-3097BA0322FB}.Release|Any CPU.Build.0 = Release|Any CPU
		{CC51525E-08D3-4800-A095-89877FBA9BD8}.Debug|Any CPU.ActiveCfg = Debug|Any CPU
		{CC51525E-08D3-4800-A095-89877FBA9BD8}.Debug|Any CPU.Build.0 = Debug|Any CPU
		{CC51525E-08D3-4800-A095-89877FBA9BD8}.Release|Any CPU.ActiveCfg = Release|Any CPU
		{CC51525E-08D3-4800-A095-89877FBA9BD8}.Release|Any CPU.Build.0 = Release|Any CPU
		{AC1B6F1E-6EDD-4929-A05B-D2520D8B8CC5}.Debug|Any CPU.ActiveCfg = Debug|Any CPU
		{AC1B6F1E-6EDD-4929-A05B-D2520D8B8CC5}.Debug|Any CPU.Build.0 = Debug|Any CPU
		{AC1B6F1E-6EDD-4929-A05B-D2520D8B8CC5}.Release|Any CPU.ActiveCfg = Release|Any CPU
		{AC1B6F1E-6EDD-4929-A05B-D2520D8B8CC5}.Release|Any CPU.Build.0 = Release|Any CPU
	EndGlobalSection
	GlobalSection(SolutionProperties) = preSolution
		HideSolutionNode = FALSE
	EndGlobalSection
	GlobalSection(ExtensibilityGlobals) = postSolution
		SolutionGuid = {3C643385-0656-4DA3-97DC-87C80D485CD1}
	EndGlobalSection
EndGlobal
